
Microsoft Visual Studio Solution File, Format Version 12.00
# Visual Studio Version 17
VisualStudioVersion = 17.5.33530.505
MinimumVisualStudioVersion = 10.0.40219.1
Project("{FAE04EC0-301F-11D3-BF4B-00C04F79EFBC}") = "TemplateMethodAndStrategyPattern", "TemplateMethodAndStrategyPattern\TemplateMethodAndStrategyPattern.csproj", "{4412417E-04C8-4BDA-907D-FBD276E96AAE}"
EndProject
Global
	GlobalSection(SolutionConfigurationPlatforms) = preSolution
		Debug|Any CPU = Debug|Any CPU
		Release|Any CPU = Release|Any CPU
	EndGlobalSection
	GlobalSection(ProjectConfigurationPlatforms) = postSolution
		{4412417E-04C8-4BDA-907D-FBD276E96AAE}.Debug|Any CPU.ActiveCfg = Debug|Any CPU
		{4412417E-04C8-4BDA-907D-FBD276E96AAE}.Debug|Any CPU.Build.0 = Debug|Any CPU
		{4412417E-04C8-4BDA-907D-FBD276E96AAE}.Release|Any CPU.ActiveCfg = Release|Any CPU
		{4412417E-04C8-4BDA-907D-FBD276E96AAE}.Release|Any CPU.Build.0 = Release|Any CPU
	EndGlobalSection
	GlobalSection(SolutionProperties) = preSolution
		HideSolutionNode = FALSE
	EndGlobalSection
	GlobalSection(ExtensibilityGlobals) = postSolution
		SolutionGuid = {03F394D5-FAE9-45CF-95F9-432AC4A4DB63}
	EndGlobalSection
EndGlobal
